
Microsoft Visual Studio Solution File, Format Version 12.00
# Visual Studio 15
VisualStudioVersion = 15.0.28307.572
MinimumVisualStudioVersion = 10.0.40219.1
Project("{FAE04EC0-301F-11D3-BF4B-00C04F79EFBC}") = "Fulfillment2.1", "Fulfillment2.1\Fulfillment2.1.csproj", "{F3498D36-40FC-4B7E-9371-B870F8B5C2D7}"
EndProject
Global
	GlobalSection(SolutionConfigurationPlatforms) = preSolution
		Debug|Any CPU = Debug|Any CPU
		Release|Any CPU = Release|Any CPU
	EndGlobalSection
	GlobalSection(ProjectConfigurationPlatforms) = postSolution
		{F3498D36-40FC-4B7E-9371-B870F8B5C2D7}.Debug|Any CPU.ActiveCfg = Debug|Any CPU
		{F3498D36-40FC-4B7E-9371-B870F8B5C2D7}.Debug|Any CPU.Build.0 = Debug|Any CPU
		{F3498D36-40FC-4B7E-9371-B870F8B5C2D7}.Release|Any CPU.ActiveCfg = Release|Any CPU
		{F3498D36-40FC-4B7E-9371-B870F8B5C2D7}.Release|Any CPU.Build.0 = Release|Any CPU
	EndGlobalSection
	GlobalSection(SolutionProperties) = preSolution
		HideSolutionNode = FALSE
	EndGlobalSection
	GlobalSection(ExtensibilityGlobals) = postSolution
		SolutionGuid = {DA92EDEF-29DC-4577-850B-4C351A73A79D}
	EndGlobalSection
EndGlobal
